// !$*UTF8*$!
{
	archiveVersion = 1;
	classes = {
	};
	objectVersion = 50;
	objects = {

/* Begin PBXBuildFile section */
		6F975BFB2401640900BA704E /* AppDelegate.swift in Sources */ = {isa = PBXBuildFile; fileRef = 6F975BFA2401640900BA704E /* AppDelegate.swift */; };
		6F975BFD2401640900BA704E /* SceneDelegate.swift in Sources */ = {isa = PBXBuildFile; fileRef = 6F975BFC2401640900BA704E /* SceneDelegate.swift */; };
		6F975C022401640900BA704E /* Main.storyboard in Resources */ = {isa = PBXBuildFile; fileRef = 6F975C002401640900BA704E /* Main.storyboard */; };
		6F975C042401640B00BA704E /* Assets.xcassets in Resources */ = {isa = PBXBuildFile; fileRef = 6F975C032401640B00BA704E /* Assets.xcassets */; };
		6F975C072401640B00BA704E /* LaunchScreen.storyboard in Resources */ = {isa = PBXBuildFile; fileRef = 6F975C052401640B00BA704E /* LaunchScreen.storyboard */; };
		6F975C122401640B00BA704E /* promoBasketTests.swift in Sources */ = {isa = PBXBuildFile; fileRef = 6F975C112401640B00BA704E /* promoBasketTests.swift */; };
		6F975C1F2401643400BA704E /* CurrencyService.swift in Sources */ = {isa = PBXBuildFile; fileRef = 6F975C1E2401643400BA704E /* CurrencyService.swift */; };
		6F975C222401647C00BA704E /* BasketViewModel.swift in Sources */ = {isa = PBXBuildFile; fileRef = 6F975C212401647C00BA704E /* BasketViewModel.swift */; };
		6F975C25240164C400BA704E /* BasketCell.swift in Sources */ = {isa = PBXBuildFile; fileRef = 6F975C24240164C400BA704E /* BasketCell.swift */; };
		6F975C27240164F900BA704E /* CurrencyCell.swift in Sources */ = {isa = PBXBuildFile; fileRef = 6F975C26240164F900BA704E /* CurrencyCell.swift */; };
		6F975C2A2401652900BA704E /* CurrencyPairs.swift in Sources */ = {isa = PBXBuildFile; fileRef = 6F975C292401652900BA704E /* CurrencyPairs.swift */; };
		6F975C2C2401655300BA704E /* CurrencyPairModel.swift in Sources */ = {isa = PBXBuildFile; fileRef = 6F975C2B2401655300BA704E /* CurrencyPairModel.swift */; };
		6F975C2F240165AD00BA704E /* BasketViewController.swift in Sources */ = {isa = PBXBuildFile; fileRef = 6F975C2E240165AD00BA704E /* BasketViewController.swift */; };
		6F975C33240165FC00BA704E /* ShopItem.swift in Sources */ = {isa = PBXBuildFile; fileRef = 6F975C32240165FC00BA704E /* ShopItem.swift */; };
		6F975C362401662800BA704E /* ShopViewController.swift in Sources */ = {isa = PBXBuildFile; fileRef = 6F975C352401662800BA704E /* ShopViewController.swift */; };
		6F975C392401665600BA704E /* ShopViewModel.swift in Sources */ = {isa = PBXBuildFile; fileRef = 6F975C382401665600BA704E /* ShopViewModel.swift */; };
		6F975C3B2401669700BA704E /* ShopCellViewModel.swift in Sources */ = {isa = PBXBuildFile; fileRef = 6F975C3A2401669700BA704E /* ShopCellViewModel.swift */; };
		6F975C3E240166C500BA704E /* ShopViewCell.swift in Sources */ = {isa = PBXBuildFile; fileRef = 6F975C3D240166C500BA704E /* ShopViewCell.swift */; };
		6F975C412401673600BA704E /* UITextField+Extension.swift in Sources */ = {isa = PBXBuildFile; fileRef = 6F975C402401673600BA704E /* UITextField+Extension.swift */; };
		6F975C432401676800BA704E /* UIButton+Extension.swift in Sources */ = {isa = PBXBuildFile; fileRef = 6F975C422401676800BA704E /* UIButton+Extension.swift */; };
		6F975C452401678E00BA704E /* NumberFormatter+Extension.swift in Sources */ = {isa = PBXBuildFile; fileRef = 6F975C442401678E00BA704E /* NumberFormatter+Extension.swift */; };
/* End PBXBuildFile section */

/* Begin PBXContainerItemProxy section */
		6F975C0E2401640B00BA704E /* PBXContainerItemProxy */ = {
			isa = PBXContainerItemProxy;
			containerPortal = 6F975BEF2401640900BA704E /* Project object */;
			proxyType = 1;
			remoteGlobalIDString = 6F975BF62401640900BA704E;
			remoteInfo = promoBasket;
		};
/* End PBXContainerItemProxy section */

/* Begin PBXFileReference section */
		6F975BF72401640900BA704E /* promoBasket.app */ = {isa = PBXFileReference; explicitFileType = wrapper.application; includeInIndex = 0; path = promoBasket.app; sourceTree = BUILT_PRODUCTS_DIR; };
		6F975BFA2401640900BA704E /* AppDelegate.swift */ = {isa = PBXFileReference; lastKnownFileType = sourcecode.swift; path = AppDelegate.swift; sourceTree = "<group>"; };
		6F975BFC2401640900BA704E /* SceneDelegate.swift */ = {isa = PBXFileReference; lastKnownFileType = sourcecode.swift; path = SceneDelegate.swift; sourceTree = "<group>"; };
		6F975C012401640900BA704E /* Base */ = {isa = PBXFileReference; lastKnownFileType = file.storyboard; name = Base; path = Base.lproj/Main.storyboard; sourceTree = "<group>"; };
		6F975C032401640B00BA704E /* Assets.xcassets */ = {isa = PBXFileReference; lastKnownFileType = folder.assetcatalog; path = Assets.xcassets; sourceTree = "<group>"; };
		6F975C062401640B00BA704E /* Base */ = {isa = PBXFileReference; lastKnownFileType = file.storyboard; name = Base; path = Base.lproj/LaunchScreen.storyboard; sourceTree = "<group>"; };
		6F975C082401640B00BA704E /* Info.plist */ = {isa = PBXFileReference; lastKnownFileType = text.plist.xml; path = Info.plist; sourceTree = "<group>"; };
		6F975C0D2401640B00BA704E /* promoBasketTests.xctest */ = {isa = PBXFileReference; explicitFileType = wrapper.cfbundle; includeInIndex = 0; path = promoBasketTests.xctest; sourceTree = BUILT_PRODUCTS_DIR; };
		6F975C112401640B00BA704E /* promoBasketTests.swift */ = {isa = PBXFileReference; lastKnownFileType = sourcecode.swift; path = promoBasketTests.swift; sourceTree = "<group>"; };
		6F975C132401640B00BA704E /* Info.plist */ = {isa = PBXFileReference; lastKnownFileType = text.plist.xml; path = Info.plist; sourceTree = "<group>"; };
		6F975C1E2401643400BA704E /* CurrencyService.swift */ = {isa = PBXFileReference; lastKnownFileType = sourcecode.swift; path = CurrencyService.swift; sourceTree = "<group>"; };
		6F975C212401647C00BA704E /* BasketViewModel.swift */ = {isa = PBXFileReference; lastKnownFileType = sourcecode.swift; path = BasketViewModel.swift; sourceTree = "<group>"; };
		6F975C24240164C400BA704E /* BasketCell.swift */ = {isa = PBXFileReference; lastKnownFileType = sourcecode.swift; path = BasketCell.swift; sourceTree = "<group>"; };
		6F975C26240164F900BA704E /* CurrencyCell.swift */ = {isa = PBXFileReference; lastKnownFileType = sourcecode.swift; path = CurrencyCell.swift; sourceTree = "<group>"; };
		6F975C292401652900BA704E /* CurrencyPairs.swift */ = {isa = PBXFileReference; lastKnownFileType = sourcecode.swift; path = CurrencyPairs.swift; sourceTree = "<group>"; };
		6F975C2B2401655300BA704E /* CurrencyPairModel.swift */ = {isa = PBXFileReference; lastKnownFileType = sourcecode.swift; path = CurrencyPairModel.swift; sourceTree = "<group>"; };
		6F975C2E240165AD00BA704E /* BasketViewController.swift */ = {isa = PBXFileReference; lastKnownFileType = sourcecode.swift; path = BasketViewController.swift; sourceTree = "<group>"; };
		6F975C32240165FC00BA704E /* ShopItem.swift */ = {isa = PBXFileReference; lastKnownFileType = sourcecode.swift; path = ShopItem.swift; sourceTree = "<group>"; };
		6F975C352401662800BA704E /* ShopViewController.swift */ = {isa = PBXFileReference; lastKnownFileType = sourcecode.swift; path = ShopViewController.swift; sourceTree = "<group>"; };
		6F975C382401665600BA704E /* ShopViewModel.swift */ = {isa = PBXFileReference; lastKnownFileType = sourcecode.swift; path = ShopViewModel.swift; sourceTree = "<group>"; };
		6F975C3A2401669700BA704E /* ShopCellViewModel.swift */ = {isa = PBXFileReference; lastKnownFileType = sourcecode.swift; path = ShopCellViewModel.swift; sourceTree = "<group>"; };
		6F975C3D240166C500BA704E /* ShopViewCell.swift */ = {isa = PBXFileReference; lastKnownFileType = sourcecode.swift; path = ShopViewCell.swift; sourceTree = "<group>"; };
		6F975C402401673600BA704E /* UITextField+Extension.swift */ = {isa = PBXFileReference; lastKnownFileType = sourcecode.swift; path = "UITextField+Extension.swift"; sourceTree = "<group>"; };
		6F975C422401676800BA704E /* UIButton+Extension.swift */ = {isa = PBXFileReference; lastKnownFileType = sourcecode.swift; path = "UIButton+Extension.swift"; sourceTree = "<group>"; };
		6F975C442401678E00BA704E /* NumberFormatter+Extension.swift */ = {isa = PBXFileReference; lastKnownFileType = sourcecode.swift; path = "NumberFormatter+Extension.swift"; sourceTree = "<group>"; };
/* End PBXFileReference section */

/* Begin PBXFrameworksBuildPhase section */
		6F975BF42401640900BA704E /* Frameworks */ = {
			isa = PBXFrameworksBuildPhase;
			buildActionMask = 2147483647;
			files = (
			);
			runOnlyForDeploymentPostprocessing = 0;
		};
		6F975C0A2401640B00BA704E /* Frameworks */ = {
			isa = PBXFrameworksBuildPhase;
			buildActionMask = 2147483647;
			files = (
			);
			runOnlyForDeploymentPostprocessing = 0;
		};
/* End PBXFrameworksBuildPhase section */

/* Begin PBXGroup section */
		6F975BEE2401640900BA704E = {
			isa = PBXGroup;
			children = (
				6F975BF92401640900BA704E /* promoBasket */,
				6F975C102401640B00BA704E /* promoBasketTests */,
				6F975BF82401640900BA704E /* Products */,
			);
			sourceTree = "<group>";
		};
		6F975BF82401640900BA704E /* Products */ = {
			isa = PBXGroup;
			children = (
				6F975BF72401640900BA704E /* promoBasket.app */,
				6F975C0D2401640B00BA704E /* promoBasketTests.xctest */,
			);
			name = Products;
			sourceTree = "<group>";
		};
		6F975BF92401640900BA704E /* promoBasket */ = {
			isa = PBXGroup;
			children = (
				6F975C3F2401671E00BA704E /* Extensions */,
				6F975C30240165E000BA704E /* ShopList */,
				6F975C1C2401641800BA704E /* Basket */,
				6F975BFA2401640900BA704E /* AppDelegate.swift */,
				6F975BFC2401640900BA704E /* SceneDelegate.swift */,
				6F975C002401640900BA704E /* Main.storyboard */,
				6F975C032401640B00BA704E /* Assets.xcassets */,
				6F975C052401640B00BA704E /* LaunchScreen.storyboard */,
				6F975C082401640B00BA704E /* Info.plist */,
			);
			path = promoBasket;
			sourceTree = "<group>";
		};
		6F975C102401640B00BA704E /* promoBasketTests */ = {
			isa = PBXGroup;
			children = (
				6F975C112401640B00BA704E /* promoBasketTests.swift */,
				6F975C132401640B00BA704E /* Info.plist */,
			);
			path = promoBasketTests;
			sourceTree = "<group>";
		};
		6F975C1C2401641800BA704E /* Basket */ = {
			isa = PBXGroup;
			children = (
				6F975C2D2401659B00BA704E /* ViewControllers */,
				6F975C282401651900BA704E /* Models */,
				6F975C23240164B600BA704E /* Views */,
				6F975C202401645F00BA704E /* ViewModels */,
				6F975C1D2401642100BA704E /* Services */,
			);
			path = Basket;
			sourceTree = "<group>";
		};
		6F975C1D2401642100BA704E /* Services */ = {
			isa = PBXGroup;
			children = (
				6F975C1E2401643400BA704E /* CurrencyService.swift */,
			);
			path = Services;
			sourceTree = "<group>";
		};
		6F975C202401645F00BA704E /* ViewModels */ = {
			isa = PBXGroup;
			children = (
				6F975C212401647C00BA704E /* BasketViewModel.swift */,
			);
			path = ViewModels;
			sourceTree = "<group>";
		};
		6F975C23240164B600BA704E /* Views */ = {
			isa = PBXGroup;
			children = (
				6F975C24240164C400BA704E /* BasketCell.swift */,
				6F975C26240164F900BA704E /* CurrencyCell.swift */,
			);
			path = Views;
			sourceTree = "<group>";
		};
		6F975C282401651900BA704E /* Models */ = {
			isa = PBXGroup;
			children = (
				6F975C292401652900BA704E /* CurrencyPairs.swift */,
				6F975C2B2401655300BA704E /* CurrencyPairModel.swift */,
			);
			path = Models;
			sourceTree = "<group>";
		};
		6F975C2D2401659B00BA704E /* ViewControllers */ = {
			isa = PBXGroup;
			children = (
				6F975C2E240165AD00BA704E /* BasketViewController.swift */,
			);
			path = ViewControllers;
			sourceTree = "<group>";
		};
		6F975C30240165E000BA704E /* ShopList */ = {
			isa = PBXGroup;
			children = (
				6F975C3C240166B700BA704E /* Views */,
				6F975C372401663F00BA704E /* ViewModels */,
				6F975C342401661400BA704E /* ViewControllers */,
				6F975C31240165E600BA704E /* Models */,
			);
			path = ShopList;
			sourceTree = "<group>";
		};
		6F975C31240165E600BA704E /* Models */ = {
			isa = PBXGroup;
			children = (
				6F975C32240165FC00BA704E /* ShopItem.swift */,
			);
			path = Models;
			sourceTree = "<group>";
		};
		6F975C342401661400BA704E /* ViewControllers */ = {
			isa = PBXGroup;
			children = (
				6F975C352401662800BA704E /* ShopViewController.swift */,
			);
			path = ViewControllers;
			sourceTree = "<group>";
		};
		6F975C372401663F00BA704E /* ViewModels */ = {
			isa = PBXGroup;
			children = (
				6F975C382401665600BA704E /* ShopViewModel.swift */,
				6F975C3A2401669700BA704E /* ShopCellViewModel.swift */,
			);
			path = ViewModels;
			sourceTree = "<group>";
		};
		6F975C3C240166B700BA704E /* Views */ = {
			isa = PBXGroup;
			children = (
				6F975C3D240166C500BA704E /* ShopViewCell.swift */,
			);
			path = Views;
			sourceTree = "<group>";
		};
		6F975C3F2401671E00BA704E /* Extensions */ = {
			isa = PBXGroup;
			children = (
				6F975C402401673600BA704E /* UITextField+Extension.swift */,
				6F975C422401676800BA704E /* UIButton+Extension.swift */,
				6F975C442401678E00BA704E /* NumberFormatter+Extension.swift */,
			);
			path = Extensions;
			sourceTree = "<group>";
		};
/* End PBXGroup section */

/* Begin PBXNativeTarget section */
		6F975BF62401640900BA704E /* promoBasket */ = {
			isa = PBXNativeTarget;
			buildConfigurationList = 6F975C162401640B00BA704E /* Build configuration list for PBXNativeTarget "promoBasket" */;
			buildPhases = (
				6F975BF32401640900BA704E /* Sources */,
				6F975BF42401640900BA704E /* Frameworks */,
				6F975BF52401640900BA704E /* Resources */,
			);
			buildRules = (
			);
			dependencies = (
			);
			name = promoBasket;
			productName = promoBasket;
			productReference = 6F975BF72401640900BA704E /* promoBasket.app */;
			productType = "com.apple.product-type.application";
		};
		6F975C0C2401640B00BA704E /* promoBasketTests */ = {
			isa = PBXNativeTarget;
			buildConfigurationList = 6F975C192401640B00BA704E /* Build configuration list for PBXNativeTarget "promoBasketTests" */;
			buildPhases = (
				6F975C092401640B00BA704E /* Sources */,
				6F975C0A2401640B00BA704E /* Frameworks */,
				6F975C0B2401640B00BA704E /* Resources */,
			);
			buildRules = (
			);
			dependencies = (
				6F975C0F2401640B00BA704E /* PBXTargetDependency */,
			);
			name = promoBasketTests;
			productName = promoBasketTests;
			productReference = 6F975C0D2401640B00BA704E /* promoBasketTests.xctest */;
			productType = "com.apple.product-type.bundle.unit-test";
		};
/* End PBXNativeTarget section */

/* Begin PBXProject section */
		6F975BEF2401640900BA704E /* Project object */ = {
			isa = PBXProject;
			attributes = {
				LastSwiftUpdateCheck = 1130;
				LastUpgradeCheck = 1130;
				ORGANIZATIONNAME = "Piotr Furmanski";
				TargetAttributes = {
					6F975BF62401640900BA704E = {
						CreatedOnToolsVersion = 11.3.1;
					};
					6F975C0C2401640B00BA704E = {
						CreatedOnToolsVersion = 11.3.1;
						TestTargetID = 6F975BF62401640900BA704E;
					};
				};
			};
			buildConfigurationList = 6F975BF22401640900BA704E /* Build configuration list for PBXProject "promoBasket" */;
			compatibilityVersion = "Xcode 9.3";
			developmentRegion = en;
			hasScannedForEncodings = 0;
			knownRegions = (
				en,
				Base,
			);
			mainGroup = 6F975BEE2401640900BA704E;
			productRefGroup = 6F975BF82401640900BA704E /* Products */;
			projectDirPath = "";
			projectRoot = "";
			targets = (
				6F975BF62401640900BA704E /* promoBasket */,
				6F975C0C2401640B00BA704E /* promoBasketTests */,
			);
		};
/* End PBXProject section */

/* Begin PBXResourcesBuildPhase section */
		6F975BF52401640900BA704E /* Resources */ = {
			isa = PBXResourcesBuildPhase;
			buildActionMask = 2147483647;
			files = (
				6F975C072401640B00BA704E /* LaunchScreen.storyboard in Resources */,
				6F975C042401640B00BA704E /* Assets.xcassets in Resources */,
				6F975C022401640900BA704E /* Main.storyboard in Resources */,
			);
			runOnlyForDeploymentPostprocessing = 0;
		};
		6F975C0B2401640B00BA704E /* Resources */ = {
			isa = PBXResourcesBuildPhase;
			buildActionMask = 2147483647;
			files = (
			);
			runOnlyForDeploymentPostprocessing = 0;
		};
/* End PBXResourcesBuildPhase section */

/* Begin PBXSourcesBuildPhase section */
		6F975BF32401640900BA704E /* Sources */ = {
			isa = PBXSourcesBuildPhase;
			buildActionMask = 2147483647;
			files = (
				6F975C412401673600BA704E /* UITextField+Extension.swift in Sources */,
				6F975C2F240165AD00BA704E /* BasketViewController.swift in Sources */,
				6F975C2C2401655300BA704E /* CurrencyPairModel.swift in Sources */,
				6F975C362401662800BA704E /* ShopViewController.swift in Sources */,
				6F975C33240165FC00BA704E /* ShopItem.swift in Sources */,
				6F975C432401676800BA704E /* UIButton+Extension.swift in Sources */,
				6F975C2A2401652900BA704E /* CurrencyPairs.swift in Sources */,
				6F975C1F2401643400BA704E /* CurrencyService.swift in Sources */,
				6F975C452401678E00BA704E /* NumberFormatter+Extension.swift in Sources */,
				6F975C25240164C400BA704E /* BasketCell.swift in Sources */,
				6F975BFB2401640900BA704E /* AppDelegate.swift in Sources */,
				6F975C3E240166C500BA704E /* ShopViewCell.swift in Sources */,
				6F975C392401665600BA704E /* ShopViewModel.swift in Sources */,
				6F975C27240164F900BA704E /* CurrencyCell.swift in Sources */,
				6F975C3B2401669700BA704E /* ShopCellViewModel.swift in Sources */,
				6F975BFD2401640900BA704E /* SceneDelegate.swift in Sources */,
				6F975C222401647C00BA704E /* BasketViewModel.swift in Sources */,
			);
			runOnlyForDeploymentPostprocessing = 0;
		};
		6F975C092401640B00BA704E /* Sources */ = {
			isa = PBXSourcesBuildPhase;
			buildActionMask = 2147483647;
			files = (
				6F975C122401640B00BA704E /* promoBasketTests.swift in Sources */,
			);
			runOnlyForDeploymentPostprocessing = 0;
		};
/* End PBXSourcesBuildPhase section */

/* Begin PBXTargetDependency section */
		6F975C0F2401640B00BA704E /* PBXTargetDependency */ = {
			isa = PBXTargetDependency;
			target = 6F975BF62401640900BA704E /* promoBasket */;
			targetProxy = 6F975C0E2401640B00BA704E /* PBXContainerItemProxy */;
		};
/* End PBXTargetDependency section */

/* Begin PBXVariantGroup section */
		6F975C002401640900BA704E /* Main.storyboard */ = {
			isa = PBXVariantGroup;
			children = (
				6F975C012401640900BA704E /* Base */,
			);
			name = Main.storyboard;
			sourceTree = "<group>";
		};
		6F975C052401640B00BA704E /* LaunchScreen.storyboard */ = {
			isa = PBXVariantGroup;
			children = (
				6F975C062401640B00BA704E /* Base */,
			);
			name = LaunchScreen.storyboard;
			sourceTree = "<group>";
		};
/* End PBXVariantGroup section */

/* Begin XCBuildConfiguration section */
		6F975C142401640B00BA704E /* Debug */ = {
			isa = XCBuildConfiguration;
			buildSettings = {
				ALWAYS_SEARCH_USER_PATHS = NO;
				CLANG_ANALYZER_NONNULL = YES;
				CLANG_ANALYZER_NUMBER_OBJECT_CONVERSION = YES_AGGRESSIVE;
				CLANG_CXX_LANGUAGE_STANDARD = "gnu++14";
				CLANG_CXX_LIBRARY = "libc++";
				CLANG_ENABLE_MODULES = YES;
				CLANG_ENABLE_OBJC_ARC = YES;
				CLANG_ENABLE_OBJC_WEAK = YES;
				CLANG_WARN_BLOCK_CAPTURE_AUTORELEASING = YES;
				CLANG_WARN_BOOL_CONVERSION = YES;
				CLANG_WARN_COMMA = YES;
				CLANG_WARN_CONSTANT_CONVERSION = YES;
				CLANG_WARN_DEPRECATED_OBJC_IMPLEMENTATIONS = YES;
				CLANG_WARN_DIRECT_OBJC_ISA_USAGE = YES_ERROR;
				CLANG_WARN_DOCUMENTATION_COMMENTS = YES;
				CLANG_WARN_EMPTY_BODY = YES;
				CLANG_WARN_ENUM_CONVERSION = YES;
				CLANG_WARN_INFINITE_RECURSION = YES;
				CLANG_WARN_INT_CONVERSION = YES;
				CLANG_WARN_NON_LITERAL_NULL_CONVERSION = YES;
				CLANG_WARN_OBJC_IMPLICIT_RETAIN_SELF = YES;
				CLANG_WARN_OBJC_LITERAL_CONVERSION = YES;
				CLANG_WARN_OBJC_ROOT_CLASS = YES_ERROR;
				CLANG_WARN_RANGE_LOOP_ANALYSIS = YES;
				CLANG_WARN_STRICT_PROTOTYPES = YES;
				CLANG_WARN_SUSPICIOUS_MOVE = YES;
				CLANG_WARN_UNGUARDED_AVAILABILITY = YES_AGGRESSIVE;
				CLANG_WARN_UNREACHABLE_CODE = YES;
				CLANG_WARN__DUPLICATE_METHOD_MATCH = YES;
				COPY_PHASE_STRIP = NO;
				DEBUG_INFORMATION_FORMAT = dwarf;
				ENABLE_STRICT_OBJC_MSGSEND = YES;
				ENABLE_TESTABILITY = YES;
				GCC_C_LANGUAGE_STANDARD = gnu11;
				GCC_DYNAMIC_NO_PIC = NO;
				GCC_NO_COMMON_BLOCKS = YES;
				GCC_OPTIMIZATION_LEVEL = 0;
				GCC_PREPROCESSOR_DEFINITIONS = (
					"DEBUG=1",
					"$(inherited)",
				);
				GCC_WARN_64_TO_32_BIT_CONVERSION = YES;
				GCC_WARN_ABOUT_RETURN_TYPE = YES_ERROR;
				GCC_WARN_UNDECLARED_SELECTOR = YES;
				GCC_WARN_UNINITIALIZED_AUTOS = YES_AGGRESSIVE;
				GCC_WARN_UNUSED_FUNCTION = YES;
				GCC_WARN_UNUSED_VARIABLE = YES;
				IPHONEOS_DEPLOYMENT_TARGET = 13.2;
				MTL_ENABLE_DEBUG_INFO = INCLUDE_SOURCE;
				MTL_FAST_MATH = YES;
				ONLY_ACTIVE_ARCH = YES;
				SDKROOT = iphoneos;
				SWIFT_ACTIVE_COMPILATION_CONDITIONS = DEBUG;
				SWIFT_OPTIMIZATION_LEVEL = "-Onone";
			};
			name = Debug;
		};
		6F975C152401640B00BA704E /* Release */ = {
			isa = XCBuildConfiguration;
			buildSettings = {
				ALWAYS_SEARCH_USER_PATHS = NO;
				CLANG_ANALYZER_NONNULL = YES;
				CLANG_ANALYZER_NUMBER_OBJECT_CONVERSION = YES_AGGRESSIVE;
				CLANG_CXX_LANGUAGE_STANDARD = "gnu++14";
				CLANG_CXX_LIBRARY = "libc++";
				CLANG_ENABLE_MODULES = YES;
				CLANG_ENABLE_OBJC_ARC = YES;
				CLANG_ENABLE_OBJC_WEAK = YES;
				CLANG_WARN_BLOCK_CAPTURE_AUTORELEASING = YES;
				CLANG_WARN_BOOL_CONVERSION = YES;
				CLANG_WARN_COMMA = YES;
				CLANG_WARN_CONSTANT_CONVERSION = YES;
				CLANG_WARN_DEPRECATED_OBJC_IMPLEMENTATIONS = YES;
				CLANG_WARN_DIRECT_OBJC_ISA_USAGE = YES_ERROR;
				CLANG_WARN_DOCUMENTATION_COMMENTS = YES;
				CLANG_WARN_EMPTY_BODY = YES;
				CLANG_WARN_ENUM_CONVERSION = YES;
				CLANG_WARN_INFINITE_RECURSION = YES;
				CLANG_WARN_INT_CONVERSION = YES;
				CLANG_WARN_NON_LITERAL_NULL_CONVERSION = YES;
				CLANG_WARN_OBJC_IMPLICIT_RETAIN_SELF = YES;
				CLANG_WARN_OBJC_LITERAL_CONVERSION = YES;
				CLANG_WARN_OBJC_ROOT_CLASS = YES_ERROR;
				CLANG_WARN_RANGE_LOOP_ANALYSIS = YES;
				CLANG_WARN_STRICT_PROTOTYPES = YES;
				CLANG_WARN_SUSPICIOUS_MOVE = YES;
				CLANG_WARN_UNGUARDED_AVAILABILITY = YES_AGGRESSIVE;
				CLANG_WARN_UNREACHABLE_CODE = YES;
				CLANG_WARN__DUPLICATE_METHOD_MATCH = YES;
				COPY_PHASE_STRIP = NO;
				DEBUG_INFORMATION_FORMAT = "dwarf-with-dsym";
				ENABLE_NS_ASSERTIONS = NO;
				ENABLE_STRICT_OBJC_MSGSEND = YES;
				GCC_C_LANGUAGE_STANDARD = gnu11;
				GCC_NO_COMMON_BLOCKS = YES;
				GCC_WARN_64_TO_32_BIT_CONVERSION = YES;
				GCC_WARN_ABOUT_RETURN_TYPE = YES_ERROR;
				GCC_WARN_UNDECLARED_SELECTOR = YES;
				GCC_WARN_UNINITIALIZED_AUTOS = YES_AGGRESSIVE;
				GCC_WARN_UNUSED_FUNCTION = YES;
				GCC_WARN_UNUSED_VARIABLE = YES;
				IPHONEOS_DEPLOYMENT_TARGET = 13.2;
				MTL_ENABLE_DEBUG_INFO = NO;
				MTL_FAST_MATH = YES;
				SDKROOT = iphoneos;
				SWIFT_COMPILATION_MODE = wholemodule;
				SWIFT_OPTIMIZATION_LEVEL = "-O";
				VALIDATE_PRODUCT = YES;
			};
			name = Release;
		};
		6F975C172401640B00BA704E /* Debug */ = {
			isa = XCBuildConfiguration;
			buildSettings = {
				ASSETCATALOG_COMPILER_APPICON_NAME = AppIcon;
				CODE_SIGN_STYLE = Automatic;
				DEVELOPMENT_TEAM = 6GX9AQ665K;
				INFOPLIST_FILE = promoBasket/Info.plist;
				LD_RUNPATH_SEARCH_PATHS = (
					"$(inherited)",
					"@executable_path/Frameworks",
				);
				PRODUCT_BUNDLE_IDENTIFIER = com.pfurmans.promoBasket;
				PRODUCT_NAME = "$(TARGET_NAME)";
				SWIFT_VERSION = 5.0;
				TARGETED_DEVICE_FAMILY = "1,2";
			};
			name = Debug;
		};
		6F975C182401640B00BA704E /* Release */ = {
			isa = XCBuildConfiguration;
			buildSettings = {
				ASSETCATALOG_COMPILER_APPICON_NAME = AppIcon;
				CODE_SIGN_STYLE = Automatic;
				DEVELOPMENT_TEAM = 6GX9AQ665K;
				INFOPLIST_FILE = promoBasket/Info.plist;
				LD_RUNPATH_SEARCH_PATHS = (
					"$(inherited)",
					"@executable_path/Frameworks",
				);
				PRODUCT_BUNDLE_IDENTIFIER = com.pfurmans.promoBasket;
				PRODUCT_NAME = "$(TARGET_NAME)";
				SWIFT_VERSION = 5.0;
				TARGETED_DEVICE_FAMILY = "1,2";
			};
			name = Release;
		};
		6F975C1A2401640B00BA704E /* Debug */ = {
			isa = XCBuildConfiguration;
			buildSettings = {
				ALWAYS_EMBED_SWIFT_STANDARD_LIBRARIES = YES;
				BUNDLE_LOADER = "$(TEST_HOST)";
				CODE_SIGN_STYLE = Automatic;
				DEVELOPMENT_TEAM = 6GX9AQ665K;
				INFOPLIST_FILE = promoBasketTests/Info.plist;
				IPHONEOS_DEPLOYMENT_TARGET = 13.2;
				LD_RUNPATH_SEARCH_PATHS = (
					"$(inherited)",
					"@executable_path/Frameworks",
					"@loader_path/Frameworks",
				);
				PRODUCT_BUNDLE_IDENTIFIER = com.pfurmans.promoBasketTests;
				PRODUCT_NAME = "$(TARGET_NAME)";
				SWIFT_VERSION = 5.0;
				TARGETED_DEVICE_FAMILY = "1,2";
				TEST_HOST = "$(BUILT_PRODUCTS_DIR)/promoBasket.app/promoBasket";
			};
			name = Debug;
		};
		6F975C1B2401640B00BA704E /* Release */ = {
			isa = XCBuildConfiguration;
			buildSettings = {
				ALWAYS_EMBED_SWIFT_STANDARD_LIBRARIES = YES;
				BUNDLE_LOADER = "$(TEST_HOST)";
				CODE_SIGN_STYLE = Automatic;
				DEVELOPMENT_TEAM = 6GX9AQ665K;
				INFOPLIST_FILE = promoBasketTests/Info.plist;
				IPHONEOS_DEPLOYMENT_TARGET = 13.2;
				LD_RUNPATH_SEARCH_PATHS = (
					"$(inherited)",
					"@executable_path/Frameworks",
					"@loader_path/Frameworks",
				);
				PRODUCT_BUNDLE_IDENTIFIER = com.pfurmans.promoBasketTests;
				PRODUCT_NAME = "$(TARGET_NAME)";
				SWIFT_VERSION = 5.0;
				TARGETED_DEVICE_FAMILY = "1,2";
				TEST_HOST = "$(BUILT_PRODUCTS_DIR)/promoBasket.app/promoBasket";
			};
			name = Release;
		};
/* End XCBuildConfiguration section */

/* Begin XCConfigurationList section */
		6F975BF22401640900BA704E /* Build configuration list for PBXProject "promoBasket" */ = {
			isa = XCConfigurationList;
			buildConfigurations = (
				6F975C142401640B00BA704E /* Debug */,
				6F975C152401640B00BA704E /* Release */,
			);
			defaultConfigurationIsVisible = 0;
			defaultConfigurationName = Release;
		};
		6F975C162401640B00BA704E /* Build configuration list for PBXNativeTarget "promoBasket" */ = {
			isa = XCConfigurationList;
			buildConfigurations = (
				6F975C172401640B00BA704E /* Debug */,
				6F975C182401640B00BA704E /* Release */,
			);
			defaultConfigurationIsVisible = 0;
			defaultConfigurationName = Release;
		};
		6F975C192401640B00BA704E /* Build configuration list for PBXNativeTarget "promoBasketTests" */ = {
			isa = XCConfigurationList;
			buildConfigurations = (
				6F975C1A2401640B00BA704E /* Debug */,
				6F975C1B2401640B00BA704E /* Release */,
			);
			defaultConfigurationIsVisible = 0;
			defaultConfigurationName = Release;
		};
/* End XCConfigurationList section */
	};
	rootObject = 6F975BEF2401640900BA704E /* Project object */;
}
